// !$*UTF8*$!
{
	archiveVersion = 1;
	classes = {
	};
	objectVersion = 50;
	objects = {

/* Begin PBXBuildFile section */
		41D837F4A44B185B757EFC87 /* Pods_IOS_Tumblr.framework in Frameworks */ = {isa = PBXBuildFile; fileRef = B16CE455753F72003255F15F /* Pods_IOS_Tumblr.framework */; };
		A06ADA3F8DF1D9E2DBAA585A /* Pods_IOS_TumblrTests.framework in Frameworks */ = {isa = PBXBuildFile; fileRef = 2745A8BAD7A0501589F83C7F /* Pods_IOS_TumblrTests.framework */; };
		C5119B232220E441005DA1DC /* PhotoDetailsViewController.swift in Sources */ = {isa = PBXBuildFile; fileRef = C5119B222220E441005DA1DC /* PhotoDetailsViewController.swift */; };
		C555140A221CF38300CEEFCF /* PhotosViewController.swift in Sources */ = {isa = PBXBuildFile; fileRef = C5551409221CF38300CEEFCF /* PhotosViewController.swift */; };
		C555140C221CF64600CEEFCF /* PhotoCell.swift in Sources */ = {isa = PBXBuildFile; fileRef = C555140B221CF64600CEEFCF /* PhotoCell.swift */; };
		C5D7144D2217B95E00FEF303 /* AppDelegate.swift in Sources */ = {isa = PBXBuildFile; fileRef = C5D7144C2217B95E00FEF303 /* AppDelegate.swift */; };
		C5D714522217B95E00FEF303 /* Main.storyboard in Resources */ = {isa = PBXBuildFile; fileRef = C5D714502217B95E00FEF303 /* Main.storyboard */; };
		C5D714542217B96100FEF303 /* Assets.xcassets in Resources */ = {isa = PBXBuildFile; fileRef = C5D714532217B96100FEF303 /* Assets.xcassets */; };
		C5D714572217B96100FEF303 /* LaunchScreen.storyboard in Resources */ = {isa = PBXBuildFile; fileRef = C5D714552217B96100FEF303 /* LaunchScreen.storyboard */; };
		C5D714622217B96100FEF303 /* IOS_TumblrTests.swift in Sources */ = {isa = PBXBuildFile; fileRef = C5D714612217B96100FEF303 /* IOS_TumblrTests.swift */; };
		C5D7146D2217B96100FEF303 /* IOS_TumblrUITests.swift in Sources */ = {isa = PBXBuildFile; fileRef = C5D7146C2217B96100FEF303 /* IOS_TumblrUITests.swift */; };
		F7B637EEFE2C664CBFA4D5FF /* Pods_IOS_TumblrUITests.framework in Frameworks */ = {isa = PBXBuildFile; fileRef = 45801F83DCCEB30D3912F96B /* Pods_IOS_TumblrUITests.framework */; };
/* End PBXBuildFile section */

/* Begin PBXContainerItemProxy section */
		C5D7145E2217B96100FEF303 /* PBXContainerItemProxy */ = {
			isa = PBXContainerItemProxy;
			containerPortal = C5D714412217B95E00FEF303 /* Project object */;
			proxyType = 1;
			remoteGlobalIDString = C5D714482217B95E00FEF303;
			remoteInfo = IOS_Tumblr;
		};
		C5D714692217B96100FEF303 /* PBXContainerItemProxy */ = {
			isa = PBXContainerItemProxy;
			containerPortal = C5D714412217B95E00FEF303 /* Project object */;
			proxyType = 1;
			remoteGlobalIDString = C5D714482217B95E00FEF303;
			remoteInfo = IOS_Tumblr;
		};
/* End PBXContainerItemProxy section */

/* Begin PBXFileReference section */
		0E51E40F5777F4D89853641B /* Pods-IOS_TumblrTests.debug.xcconfig */ = {isa = PBXFileReference; includeInIndex = 1; lastKnownFileType = text.xcconfig; name = "Pods-IOS_TumblrTests.debug.xcconfig"; path = "Target Support Files/Pods-IOS_TumblrTests/Pods-IOS_TumblrTests.debug.xcconfig"; sourceTree = "<group>"; };
		2745A8BAD7A0501589F83C7F /* Pods_IOS_TumblrTests.framework */ = {isa = PBXFileReference; explicitFileType = wrapper.framework; includeInIndex = 0; path = Pods_IOS_TumblrTests.framework; sourceTree = BUILT_PRODUCTS_DIR; };
		41D3420A301BBC108E1E05C3 /* Pods-IOS_TumblrTests.release.xcconfig */ = {isa = PBXFileReference; includeInIndex = 1; lastKnownFileType = text.xcconfig; name = "Pods-IOS_TumblrTests.release.xcconfig"; path = "Target Support Files/Pods-IOS_TumblrTests/Pods-IOS_TumblrTests.release.xcconfig"; sourceTree = "<group>"; };
		45801F83DCCEB30D3912F96B /* Pods_IOS_TumblrUITests.framework */ = {isa = PBXFileReference; explicitFileType = wrapper.framework; includeInIndex = 0; path = Pods_IOS_TumblrUITests.framework; sourceTree = BUILT_PRODUCTS_DIR; };
		80014C6D46D16774B9BAF864 /* Pods-IOS_TumblrUITests.release.xcconfig */ = {isa = PBXFileReference; includeInIndex = 1; lastKnownFileType = text.xcconfig; name = "Pods-IOS_TumblrUITests.release.xcconfig"; path = "Target Support Files/Pods-IOS_TumblrUITests/Pods-IOS_TumblrUITests.release.xcconfig"; sourceTree = "<group>"; };
		90A9292F04B0A937D88672C2 /* Pods-IOS_Tumblr.debug.xcconfig */ = {isa = PBXFileReference; includeInIndex = 1; lastKnownFileType = text.xcconfig; name = "Pods-IOS_Tumblr.debug.xcconfig"; path = "Target Support Files/Pods-IOS_Tumblr/Pods-IOS_Tumblr.debug.xcconfig"; sourceTree = "<group>"; };
		B16CE455753F72003255F15F /* Pods_IOS_Tumblr.framework */ = {isa = PBXFileReference; explicitFileType = wrapper.framework; includeInIndex = 0; path = Pods_IOS_Tumblr.framework; sourceTree = BUILT_PRODUCTS_DIR; };
		C5119B222220E441005DA1DC /* PhotoDetailsViewController.swift */ = {isa = PBXFileReference; lastKnownFileType = sourcecode.swift; path = PhotoDetailsViewController.swift; sourceTree = "<group>"; };
		C5551409221CF38300CEEFCF /* PhotosViewController.swift */ = {isa = PBXFileReference; lastKnownFileType = sourcecode.swift; path = PhotosViewController.swift; sourceTree = "<group>"; };
		C555140B221CF64600CEEFCF /* PhotoCell.swift */ = {isa = PBXFileReference; lastKnownFileType = sourcecode.swift; path = PhotoCell.swift; sourceTree = "<group>"; };
		C5D714492217B95E00FEF303 /* IOS_Tumblr.app */ = {isa = PBXFileReference; explicitFileType = wrapper.application; includeInIndex = 0; path = IOS_Tumblr.app; sourceTree = BUILT_PRODUCTS_DIR; };
		C5D7144C2217B95E00FEF303 /* AppDelegate.swift */ = {isa = PBXFileReference; lastKnownFileType = sourcecode.swift; path = AppDelegate.swift; sourceTree = "<group>"; };
		C5D714512217B95E00FEF303 /* Base */ = {isa = PBXFileReference; lastKnownFileType = file.storyboard; name = Base; path = Base.lproj/Main.storyboard; sourceTree = "<group>"; };
		C5D714532217B96100FEF303 /* Assets.xcassets */ = {isa = PBXFileReference; lastKnownFileType = folder.assetcatalog; path = Assets.xcassets; sourceTree = "<group>"; };
		C5D714562217B96100FEF303 /* Base */ = {isa = PBXFileReference; lastKnownFileType = file.storyboard; name = Base; path = Base.lproj/LaunchScreen.storyboard; sourceTree = "<group>"; };
		C5D714582217B96100FEF303 /* Info.plist */ = {isa = PBXFileReference; lastKnownFileType = text.plist.xml; path = Info.plist; sourceTree = "<group>"; };
		C5D7145D2217B96100FEF303 /* IOS_TumblrTests.xctest */ = {isa = PBXFileReference; explicitFileType = wrapper.cfbundle; includeInIndex = 0; path = IOS_TumblrTests.xctest; sourceTree = BUILT_PRODUCTS_DIR; };
		C5D714612217B96100FEF303 /* IOS_TumblrTests.swift */ = {isa = PBXFileReference; lastKnownFileType = sourcecode.swift; path = IOS_TumblrTests.swift; sourceTree = "<group>"; };
		C5D714632217B96100FEF303 /* Info.plist */ = {isa = PBXFileReference; lastKnownFileType = text.plist.xml; path = Info.plist; sourceTree = "<group>"; };
		C5D714682217B96100FEF303 /* IOS_TumblrUITests.xctest */ = {isa = PBXFileReference; explicitFileType = wrapper.cfbundle; includeInIndex = 0; path = IOS_TumblrUITests.xctest; sourceTree = BUILT_PRODUCTS_DIR; };
		C5D7146C2217B96100FEF303 /* IOS_TumblrUITests.swift */ = {isa = PBXFileReference; lastKnownFileType = sourcecode.swift; path = IOS_TumblrUITests.swift; sourceTree = "<group>"; };
		C5D7146E2217B96100FEF303 /* Info.plist */ = {isa = PBXFileReference; lastKnownFileType = text.plist.xml; path = Info.plist; sourceTree = "<group>"; };
		CF3335872CAFE7F458EB5C22 /* Pods-IOS_Tumblr.release.xcconfig */ = {isa = PBXFileReference; includeInIndex = 1; lastKnownFileType = text.xcconfig; name = "Pods-IOS_Tumblr.release.xcconfig"; path = "Target Support Files/Pods-IOS_Tumblr/Pods-IOS_Tumblr.release.xcconfig"; sourceTree = "<group>"; };
		DA8E8C5024AD8EA6BB228C3E /* Pods-IOS_TumblrUITests.debug.xcconfig */ = {isa = PBXFileReference; includeInIndex = 1; lastKnownFileType = text.xcconfig; name = "Pods-IOS_TumblrUITests.debug.xcconfig"; path = "Target Support Files/Pods-IOS_TumblrUITests/Pods-IOS_TumblrUITests.debug.xcconfig"; sourceTree = "<group>"; };
/* End PBXFileReference section */

/* Begin PBXFrameworksBuildPhase section */
		C5D714462217B95E00FEF303 /* Frameworks */ = {
			isa = PBXFrameworksBuildPhase;
			buildActionMask = 2147483647;
			files = (
				41D837F4A44B185B757EFC87 /* Pods_IOS_Tumblr.framework in Frameworks */,
			);
			runOnlyForDeploymentPostprocessing = 0;
		};
		C5D7145A2217B96100FEF303 /* Frameworks */ = {
			isa = PBXFrameworksBuildPhase;
			buildActionMask = 2147483647;
			files = (
				A06ADA3F8DF1D9E2DBAA585A /* Pods_IOS_TumblrTests.framework in Frameworks */,
			);
			runOnlyForDeploymentPostprocessing = 0;
		};
		C5D714652217B96100FEF303 /* Frameworks */ = {
			isa = PBXFrameworksBuildPhase;
			buildActionMask = 2147483647;
			files = (
				F7B637EEFE2C664CBFA4D5FF /* Pods_IOS_TumblrUITests.framework in Frameworks */,
			);
			runOnlyForDeploymentPostprocessing = 0;
		};
/* End PBXFrameworksBuildPhase section */

/* Begin PBXGroup section */
		9484E1EC9D88FF80E5BB15E7 /* Pods */ = {
			isa = PBXGroup;
			children = (
				90A9292F04B0A937D88672C2 /* Pods-IOS_Tumblr.debug.xcconfig */,
				CF3335872CAFE7F458EB5C22 /* Pods-IOS_Tumblr.release.xcconfig */,
				0E51E40F5777F4D89853641B /* Pods-IOS_TumblrTests.debug.xcconfig */,
				41D3420A301BBC108E1E05C3 /* Pods-IOS_TumblrTests.release.xcconfig */,
				DA8E8C5024AD8EA6BB228C3E /* Pods-IOS_TumblrUITests.debug.xcconfig */,
				80014C6D46D16774B9BAF864 /* Pods-IOS_TumblrUITests.release.xcconfig */,
			);
			path = Pods;
			sourceTree = "<group>";
		};
		C5D714402217B95E00FEF303 = {
			isa = PBXGroup;
			children = (
				C5D7144B2217B95E00FEF303 /* IOS_Tumblr */,
				C5D714602217B96100FEF303 /* IOS_TumblrTests */,
				C5D7146B2217B96100FEF303 /* IOS_TumblrUITests */,
				C5D7144A2217B95E00FEF303 /* Products */,
				9484E1EC9D88FF80E5BB15E7 /* Pods */,
				EE7877B08526BF2F29A084F8 /* Frameworks */,
			);
			sourceTree = "<group>";
		};
		C5D7144A2217B95E00FEF303 /* Products */ = {
			isa = PBXGroup;
			children = (
				C5D714492217B95E00FEF303 /* IOS_Tumblr.app */,
				C5D7145D2217B96100FEF303 /* IOS_TumblrTests.xctest */,
				C5D714682217B96100FEF303 /* IOS_TumblrUITests.xctest */,
			);
			name = Products;
			sourceTree = "<group>";
		};
		C5D7144B2217B95E00FEF303 /* IOS_Tumblr */ = {
			isa = PBXGroup;
			children = (
				C5D7144C2217B95E00FEF303 /* AppDelegate.swift */,
				C5D714502217B95E00FEF303 /* Main.storyboard */,
				C555140B221CF64600CEEFCF /* PhotoCell.swift */,
				C5D714532217B96100FEF303 /* Assets.xcassets */,
				C5D714552217B96100FEF303 /* LaunchScreen.storyboard */,
				C5D714582217B96100FEF303 /* Info.plist */,
				C5551409221CF38300CEEFCF /* PhotosViewController.swift */,
				C5119B222220E441005DA1DC /* PhotoDetailsViewController.swift */,
			);
			path = IOS_Tumblr;
			sourceTree = "<group>";
		};
		C5D714602217B96100FEF303 /* IOS_TumblrTests */ = {
			isa = PBXGroup;
			children = (
				C5D714612217B96100FEF303 /* IOS_TumblrTests.swift */,
				C5D714632217B96100FEF303 /* Info.plist */,
			);
			path = IOS_TumblrTests;
			sourceTree = "<group>";
		};
		C5D7146B2217B96100FEF303 /* IOS_TumblrUITests */ = {
			isa = PBXGroup;
			children = (
				C5D7146C2217B96100FEF303 /* IOS_TumblrUITests.swift */,
				C5D7146E2217B96100FEF303 /* Info.plist */,
			);
			path = IOS_TumblrUITests;
			sourceTree = "<group>";
		};
		EE7877B08526BF2F29A084F8 /* Frameworks */ = {
			isa = PBXGroup;
			children = (
				B16CE455753F72003255F15F /* Pods_IOS_Tumblr.framework */,
				2745A8BAD7A0501589F83C7F /* Pods_IOS_TumblrTests.framework */,
				45801F83DCCEB30D3912F96B /* Pods_IOS_TumblrUITests.framework */,
			);
			name = Frameworks;
			sourceTree = "<group>";
		};
/* End PBXGroup section */

/* Begin PBXNativeTarget section */
		C5D714482217B95E00FEF303 /* IOS_Tumblr */ = {
			isa = PBXNativeTarget;
			buildConfigurationList = C5D714712217B96100FEF303 /* Build configuration list for PBXNativeTarget "IOS_Tumblr" */;
			buildPhases = (
				CBC3C1C13793068F90DC1D63 /* [CP] Check Pods Manifest.lock */,
				C5D714452217B95E00FEF303 /* Sources */,
				C5D714462217B95E00FEF303 /* Frameworks */,
				C5D714472217B95E00FEF303 /* Resources */,
				02E8B7FB1A2776C2E24706D5 /* [CP] Embed Pods Frameworks */,
			);
			buildRules = (
			);
			dependencies = (
			);
			name = IOS_Tumblr;
			productName = IOS_Tumblr;
			productReference = C5D714492217B95E00FEF303 /* IOS_Tumblr.app */;
			productType = "com.apple.product-type.application";
		};
		C5D7145C2217B96100FEF303 /* IOS_TumblrTests */ = {
			isa = PBXNativeTarget;
			buildConfigurationList = C5D714742217B96100FEF303 /* Build configuration list for PBXNativeTarget "IOS_TumblrTests" */;
			buildPhases = (
				682BBC8259E59A21CA5D8B11 /* [CP] Check Pods Manifest.lock */,
				C5D714592217B96100FEF303 /* Sources */,
				C5D7145A2217B96100FEF303 /* Frameworks */,
				C5D7145B2217B96100FEF303 /* Resources */,
			);
			buildRules = (
			);
			dependencies = (
				C5D7145F2217B96100FEF303 /* PBXTargetDependency */,
			);
			name = IOS_TumblrTests;
			productName = IOS_TumblrTests;
			productReference = C5D7145D2217B96100FEF303 /* IOS_TumblrTests.xctest */;
			productType = "com.apple.product-type.bundle.unit-test";
		};
		C5D714672217B96100FEF303 /* IOS_TumblrUITests */ = {
			isa = PBXNativeTarget;
			buildConfigurationList = C5D714772217B96100FEF303 /* Build configuration list for PBXNativeTarget "IOS_TumblrUITests" */;
			buildPhases = (
				B7964F75C01248B1D330DED9 /* [CP] Check Pods Manifest.lock */,
				C5D714642217B96100FEF303 /* Sources */,
				C5D714652217B96100FEF303 /* Frameworks */,
				C5D714662217B96100FEF303 /* Resources */,
			);
			buildRules = (
			);
			dependencies = (
				C5D7146A2217B96100FEF303 /* PBXTargetDependency */,
			);
			name = IOS_TumblrUITests;
			productName = IOS_TumblrUITests;
			productReference = C5D714682217B96100FEF303 /* IOS_TumblrUITests.xctest */;
			productType = "com.apple.product-type.bundle.ui-testing";
		};
/* End PBXNativeTarget section */

/* Begin PBXProject section */
		C5D714412217B95E00FEF303 /* Project object */ = {
			isa = PBXProject;
			attributes = {
				LastSwiftUpdateCheck = 1010;
				LastUpgradeCheck = 1010;
				ORGANIZATIONNAME = "Sophia Qi Young";
				TargetAttributes = {
					C5D714482217B95E00FEF303 = {
						CreatedOnToolsVersion = 10.1;
					};
					C5D7145C2217B96100FEF303 = {
						CreatedOnToolsVersion = 10.1;
						TestTargetID = C5D714482217B95E00FEF303;
					};
					C5D714672217B96100FEF303 = {
						CreatedOnToolsVersion = 10.1;
						TestTargetID = C5D714482217B95E00FEF303;
					};
				};
			};
			buildConfigurationList = C5D714442217B95E00FEF303 /* Build configuration list for PBXProject "IOS_Tumblr" */;
			compatibilityVersion = "Xcode 9.3";
			developmentRegion = en;
			hasScannedForEncodings = 0;
			knownRegions = (
				en,
				Base,
			);
			mainGroup = C5D714402217B95E00FEF303;
			productRefGroup = C5D7144A2217B95E00FEF303 /* Products */;
			projectDirPath = "";
			projectRoot = "";
			targets = (
				C5D714482217B95E00FEF303 /* IOS_Tumblr */,
				C5D7145C2217B96100FEF303 /* IOS_TumblrTests */,
				C5D714672217B96100FEF303 /* IOS_TumblrUITests */,
			);
		};
/* End PBXProject section */

/* Begin PBXResourcesBuildPhase section */
		C5D714472217B95E00FEF303 /* Resources */ = {
			isa = PBXResourcesBuildPhase;
			buildActionMask = 2147483647;
			files = (
				C5D714572217B96100FEF303 /* LaunchScreen.storyboard in Resources */,
				C5D714542217B96100FEF303 /* Assets.xcassets in Resources */,
				C5D714522217B95E00FEF303 /* Main.storyboard in Resources */,
			);
			runOnlyForDeploymentPostprocessing = 0;
		};
		C5D7145B2217B96100FEF303 /* Resources */ = {
			isa = PBXResourcesBuildPhase;
			buildActionMask = 2147483647;
			files = (
			);
			runOnlyForDeploymentPostprocessing = 0;
		};
		C5D714662217B96100FEF303 /* Resources */ = {
			isa = PBXResourcesBuildPhase;
			buildActionMask = 2147483647;
			files = (
			);
			runOnlyForDeploymentPostprocessing = 0;
		};
/* End PBXResourcesBuildPhase section */

/* Begin PBXShellScriptBuildPhase section */
		02E8B7FB1A2776C2E24706D5 /* [CP] Embed Pods Frameworks */ = {
			isa = PBXShellScriptBuildPhase;
			buildActionMask = 2147483647;
			files = (
			);
			inputFileListPaths = (
			);
			inputPaths = (
				"${PODS_ROOT}/Target Support Files/Pods-IOS_Tumblr/Pods-IOS_Tumblr-frameworks.sh",
				"${BUILT_PRODUCTS_DIR}/Alamofire/Alamofire.framework",
				"${BUILT_PRODUCTS_DIR}/AlamofireImage/AlamofireImage.framework",
			);
			name = "[CP] Embed Pods Frameworks";
			outputFileListPaths = (
			);
			outputPaths = (
				"${TARGET_BUILD_DIR}/${FRAMEWORKS_FOLDER_PATH}/Alamofire.framework",
				"${TARGET_BUILD_DIR}/${FRAMEWORKS_FOLDER_PATH}/AlamofireImage.framework",
			);
			runOnlyForDeploymentPostprocessing = 0;
			shellPath = /bin/sh;
			shellScript = "\"${PODS_ROOT}/Target Support Files/Pods-IOS_Tumblr/Pods-IOS_Tumblr-frameworks.sh\"\n";
			showEnvVarsInLog = 0;
		};
		682BBC8259E59A21CA5D8B11 /* [CP] Check Pods Manifest.lock */ = {
			isa = PBXShellScriptBuildPhase;
			buildActionMask = 2147483647;
			files = (
			);
			inputFileListPaths = (
			);
			inputPaths = (
				"${PODS_PODFILE_DIR_PATH}/Podfile.lock",
				"${PODS_ROOT}/Manifest.lock",
			);
			name = "[CP] Check Pods Manifest.lock";
			outputFileListPaths = (
			);
			outputPaths = (
				"$(DERIVED_FILE_DIR)/Pods-IOS_TumblrTests-checkManifestLockResult.txt",
			);
			runOnlyForDeploymentPostprocessing = 0;
			shellPath = /bin/sh;
			shellScript = "diff \"${PODS_PODFILE_DIR_PATH}/Podfile.lock\" \"${PODS_ROOT}/Manifest.lock\" > /dev/null\nif [ $? != 0 ] ; then\n    # print error to STDERR\n    echo \"error: The sandbox is not in sync with the Podfile.lock. Run 'pod install' or update your CocoaPods installation.\" >&2\n    exit 1\nfi\n# This output is used by Xcode 'outputs' to avoid re-running this script phase.\necho \"SUCCESS\" > \"${SCRIPT_OUTPUT_FILE_0}\"\n";
			showEnvVarsInLog = 0;
		};
		B7964F75C01248B1D330DED9 /* [CP] Check Pods Manifest.lock */ = {
			isa = PBXShellScriptBuildPhase;
			buildActionMask = 2147483647;
			files = (
			);
			inputFileListPaths = (
			);
			inputPaths = (
				"${PODS_PODFILE_DIR_PATH}/Podfile.lock",
				"${PODS_ROOT}/Manifest.lock",
			);
			name = "[CP] Check Pods Manifest.lock";
			outputFileListPaths = (
			);
			outputPaths = (
				"$(DERIVED_FILE_DIR)/Pods-IOS_TumblrUITests-checkManifestLockResult.txt",
			);
			runOnlyForDeploymentPostprocessing = 0;
			shellPath = /bin/sh;
			shellScript = "diff \"${PODS_PODFILE_DIR_PATH}/Podfile.lock\" \"${PODS_ROOT}/Manifest.lock\" > /dev/null\nif [ $? != 0 ] ; then\n    # print error to STDERR\n    echo \"error: The sandbox is not in sync with the Podfile.lock. Run 'pod install' or update your CocoaPods installation.\" >&2\n    exit 1\nfi\n# This output is used by Xcode 'outputs' to avoid re-running this script phase.\necho \"SUCCESS\" > \"${SCRIPT_OUTPUT_FILE_0}\"\n";
			showEnvVarsInLog = 0;
		};
		CBC3C1C13793068F90DC1D63 /* [CP] Check Pods Manifest.lock */ = {
			isa = PBXShellScriptBuildPhase;
			buildActionMask = 2147483647;
			files = (
			);
			inputFileListPaths = (
			);
			inputPaths = (
				"${PODS_PODFILE_DIR_PATH}/Podfile.lock",
				"${PODS_ROOT}/Manifest.lock",
			);
			name = "[CP] Check Pods Manifest.lock";
			outputFileListPaths = (
			);
			outputPaths = (
				"$(DERIVED_FILE_DIR)/Pods-IOS_Tumblr-checkManifestLockResult.txt",
			);
			runOnlyForDeploymentPostprocessing = 0;
			shellPath = /bin/sh;
			shellScript = "diff \"${PODS_PODFILE_DIR_PATH}/Podfile.lock\" \"${PODS_ROOT}/Manifest.lock\" > /dev/null\nif [ $? != 0 ] ; then\n    # print error to STDERR\n    echo \"error: The sandbox is not in sync with the Podfile.lock. Run 'pod install' or update your CocoaPods installation.\" >&2\n    exit 1\nfi\n# This output is used by Xcode 'outputs' to avoid re-running this script phase.\necho \"SUCCESS\" > \"${SCRIPT_OUTPUT_FILE_0}\"\n";
			showEnvVarsInLog = 0;
		};
/* End PBXShellScriptBuildPhase section */

/* Begin PBXSourcesBuildPhase section */
		C5D714452217B95E00FEF303 /* Sources */ = {
			isa = PBXSourcesBuildPhase;
			buildActionMask = 2147483647;
			files = (
				C5119B232220E441005DA1DC /* PhotoDetailsViewController.swift in Sources */,
				C5D7144D2217B95E00FEF303 /* AppDelegate.swift in Sources */,
				C555140C221CF64600CEEFCF /* PhotoCell.swift in Sources */,
				C555140A221CF38300CEEFCF /* PhotosViewController.swift in Sources */,
			);
			runOnlyForDeploymentPostprocessing = 0;
		};
		C5D714592217B96100FEF303 /* Sources */ = {
			isa = PBXSourcesBuildPhase;
			buildActionMask = 2147483647;
			files = (
				C5D714622217B96100FEF303 /* IOS_TumblrTests.swift in Sources */,
			);
			runOnlyForDeploymentPostprocessing = 0;
		};
		C5D714642217B96100FEF303 /* Sources */ = {
			isa = PBXSourcesBuildPhase;
			buildActionMask = 2147483647;
			files = (
				C5D7146D2217B96100FEF303 /* IOS_TumblrUITests.swift in Sources */,
			);
			runOnlyForDeploymentPostprocessing = 0;
		};
/* End PBXSourcesBuildPhase section */

/* Begin PBXTargetDependency section */
		C5D7145F2217B96100FEF303 /* PBXTargetDependency */ = {
			isa = PBXTargetDependency;
			target = C5D714482217B95E00FEF303 /* IOS_Tumblr */;
			targetProxy = C5D7145E2217B96100FEF303 /* PBXContainerItemProxy */;
		};
		C5D7146A2217B96100FEF303 /* PBXTargetDependency */ = {
			isa = PBXTargetDependency;
			target = C5D714482217B95E00FEF303 /* IOS_Tumblr */;
			targetProxy = C5D714692217B96100FEF303 /* PBXContainerItemProxy */;
		};
/* End PBXTargetDependency section */

/* Begin PBXVariantGroup section */
		C5D714502217B95E00FEF303 /* Main.storyboard */ = {
			isa = PBXVariantGroup;
			children = (
				C5D714512217B95E00FEF303 /* Base */,
			);
			name = Main.storyboard;
			sourceTree = "<group>";
		};
		C5D714552217B96100FEF303 /* LaunchScreen.storyboard */ = {
			isa = PBXVariantGroup;
			children = (
				C5D714562217B96100FEF303 /* Base */,
			);
			name = LaunchScreen.storyboard;
			sourceTree = "<group>";
		};
/* End PBXVariantGroup section */

/* Begin XCBuildConfiguration section */
		C5D7146F2217B96100FEF303 /* Debug */ = {
			isa = XCBuildConfiguration;
			buildSettings = {
				ALWAYS_SEARCH_USER_PATHS = NO;
				CLANG_ANALYZER_NONNULL = YES;
				CLANG_ANALYZER_NUMBER_OBJECT_CONVERSION = YES_AGGRESSIVE;
				CLANG_CXX_LANGUAGE_STANDARD = "gnu++14";
				CLANG_CXX_LIBRARY = "libc++";
				CLANG_ENABLE_MODULES = YES;
				CLANG_ENABLE_OBJC_ARC = YES;
				CLANG_ENABLE_OBJC_WEAK = YES;
				CLANG_WARN_BLOCK_CAPTURE_AUTORELEASING = YES;
				CLANG_WARN_BOOL_CONVERSION = YES;
				CLANG_WARN_COMMA = YES;
				CLANG_WARN_CONSTANT_CONVERSION = YES;
				CLANG_WARN_DEPRECATED_OBJC_IMPLEMENTATIONS = YES;
				CLANG_WARN_DIRECT_OBJC_ISA_USAGE = YES_ERROR;
				CLANG_WARN_DOCUMENTATION_COMMENTS = YES;
				CLANG_WARN_EMPTY_BODY = YES;
				CLANG_WARN_ENUM_CONVERSION = YES;
				CLANG_WARN_INFINITE_RECURSION = YES;
				CLANG_WARN_INT_CONVERSION = YES;
				CLANG_WARN_NON_LITERAL_NULL_CONVERSION = YES;
				CLANG_WARN_OBJC_IMPLICIT_RETAIN_SELF = YES;
				CLANG_WARN_OBJC_LITERAL_CONVERSION = YES;
				CLANG_WARN_OBJC_ROOT_CLASS = YES_ERROR;
				CLANG_WARN_RANGE_LOOP_ANALYSIS = YES;
				CLANG_WARN_STRICT_PROTOTYPES = YES;
				CLANG_WARN_SUSPICIOUS_MOVE = YES;
				CLANG_WARN_UNGUARDED_AVAILABILITY = YES_AGGRESSIVE;
				CLANG_WARN_UNREACHABLE_CODE = YES;
				CLANG_WARN__DUPLICATE_METHOD_MATCH = YES;
				CODE_SIGN_IDENTITY = "iPhone Developer";
				COPY_PHASE_STRIP = NO;
				DEBUG_INFORMATION_FORMAT = dwarf;
				ENABLE_STRICT_OBJC_MSGSEND = YES;
				ENABLE_TESTABILITY = YES;
				GCC_C_LANGUAGE_STANDARD = gnu11;
				GCC_DYNAMIC_NO_PIC = NO;
				GCC_NO_COMMON_BLOCKS = YES;
				GCC_OPTIMIZATION_LEVEL = 0;
				GCC_PREPROCESSOR_DEFINITIONS = (
					"DEBUG=1",
					"$(inherited)",
				);
				GCC_WARN_64_TO_32_BIT_CONVERSION = YES;
				GCC_WARN_ABOUT_RETURN_TYPE = YES_ERROR;
				GCC_WARN_UNDECLARED_SELECTOR = YES;
				GCC_WARN_UNINITIALIZED_AUTOS = YES_AGGRESSIVE;
				GCC_WARN_UNUSED_FUNCTION = YES;
				GCC_WARN_UNUSED_VARIABLE = YES;
				IPHONEOS_DEPLOYMENT_TARGET = 12.1;
				MTL_ENABLE_DEBUG_INFO = INCLUDE_SOURCE;
				MTL_FAST_MATH = YES;
				ONLY_ACTIVE_ARCH = YES;
				SDKROOT = iphoneos;
				SWIFT_ACTIVE_COMPILATION_CONDITIONS = DEBUG;
				SWIFT_OPTIMIZATION_LEVEL = "-Onone";
			};
			name = Debug;
		};
		C5D714702217B96100FEF303 /* Release */ = {
			isa = XCBuildConfiguration;
			buildSettings = {
				ALWAYS_SEARCH_USER_PATHS = NO;
				CLANG_ANALYZER_NONNULL = YES;
				CLANG_ANALYZER_NUMBER_OBJECT_CONVERSION = YES_AGGRESSIVE;
				CLANG_CXX_LANGUAGE_STANDARD = "gnu++14";
				CLANG_CXX_LIBRARY = "libc++";
				CLANG_ENABLE_MODULES = YES;
				CLANG_ENABLE_OBJC_ARC = YES;
				CLANG_ENABLE_OBJC_WEAK = YES;
				CLANG_WARN_BLOCK_CAPTURE_AUTORELEASING = YES;
				CLANG_WARN_BOOL_CONVERSION = YES;
				CLANG_WARN_COMMA = YES;
				CLANG_WARN_CONSTANT_CONVERSION = YES;
				CLANG_WARN_DEPRECATED_OBJC_IMPLEMENTATIONS = YES;
				CLANG_WARN_DIRECT_OBJC_ISA_USAGE = YES_ERROR;
				CLANG_WARN_DOCUMENTATION_COMMENTS = YES;
				CLANG_WARN_EMPTY_BODY = YES;
				CLANG_WARN_ENUM_CONVERSION = YES;
				CLANG_WARN_INFINITE_RECURSION = YES;
				CLANG_WARN_INT_CONVERSION = YES;
				CLANG_WARN_NON_LITERAL_NULL_CONVERSION = YES;
				CLANG_WARN_OBJC_IMPLICIT_RETAIN_SELF = YES;
				CLANG_WARN_OBJC_LITERAL_CONVERSION = YES;
				CLANG_WARN_OBJC_ROOT_CLASS = YES_ERROR;
				CLANG_WARN_RANGE_LOOP_ANALYSIS = YES;
				CLANG_WARN_STRICT_PROTOTYPES = YES;
				CLANG_WARN_SUSPICIOUS_MOVE = YES;
				CLANG_WARN_UNGUARDED_AVAILABILITY = YES_AGGRESSIVE;
				CLANG_WARN_UNREACHABLE_CODE = YES;
				CLANG_WARN__DUPLICATE_METHOD_MATCH = YES;
				CODE_SIGN_IDENTITY = "iPhone Developer";
				COPY_PHASE_STRIP = NO;
				DEBUG_INFORMATION_FORMAT = "dwarf-with-dsym";
				ENABLE_NS_ASSERTIONS = NO;
				ENABLE_STRICT_OBJC_MSGSEND = YES;
				GCC_C_LANGUAGE_STANDARD = gnu11;
				GCC_NO_COMMON_BLOCKS = YES;
				GCC_WARN_64_TO_32_BIT_CONVERSION = YES;
				GCC_WARN_ABOUT_RETURN_TYPE = YES_ERROR;
				GCC_WARN_UNDECLARED_SELECTOR = YES;
				GCC_WARN_UNINITIALIZED_AUTOS = YES_AGGRESSIVE;
				GCC_WARN_UNUSED_FUNCTION = YES;
				GCC_WARN_UNUSED_VARIABLE = YES;
				IPHONEOS_DEPLOYMENT_TARGET = 12.1;
				MTL_ENABLE_DEBUG_INFO = NO;
				MTL_FAST_MATH = YES;
				SDKROOT = iphoneos;
				SWIFT_COMPILATION_MODE = wholemodule;
				SWIFT_OPTIMIZATION_LEVEL = "-O";
				VALIDATE_PRODUCT = YES;
			};
			name = Release;
		};
		C5D714722217B96100FEF303 /* Debug */ = {
			isa = XCBuildConfiguration;
			baseConfigurationReference = 90A9292F04B0A937D88672C2 /* Pods-IOS_Tumblr.debug.xcconfig */;
			buildSettings = {
				ASSETCATALOG_COMPILER_APPICON_NAME = AppIcon;
				CODE_SIGN_STYLE = Automatic;
				INFOPLIST_FILE = IOS_Tumblr/Info.plist;
				LD_RUNPATH_SEARCH_PATHS = (
					"$(inherited)",
					"@executable_path/Frameworks",
				);
				PRODUCT_BUNDLE_IDENTIFIER = "UCSD.IOS-Tumblr";
				PRODUCT_NAME = "$(TARGET_NAME)";
				SWIFT_VERSION = 4.2;
				TARGETED_DEVICE_FAMILY = "1,2";
			};
			name = Debug;
		};
		C5D714732217B96100FEF303 /* Release */ = {
			isa = XCBuildConfiguration;
			baseConfigurationReference = CF3335872CAFE7F458EB5C22 /* Pods-IOS_Tumblr.release.xcconfig */;
			buildSettings = {
				ASSETCATALOG_COMPILER_APPICON_NAME = AppIcon;
				CODE_SIGN_STYLE = Automatic;
				INFOPLIST_FILE = IOS_Tumblr/Info.plist;
				LD_RUNPATH_SEARCH_PATHS = (
					"$(inherited)",
					"@executable_path/Frameworks",
				);
				PRODUCT_BUNDLE_IDENTIFIER = "UCSD.IOS-Tumblr";
				PRODUCT_NAME = "$(TARGET_NAME)";
				SWIFT_VERSION = 4.2;
				TARGETED_DEVICE_FAMILY = "1,2";
			};
			name = Release;
		};
		C5D714752217B96100FEF303 /* Debug */ = {
			isa = XCBuildConfiguration;
			baseConfigurationReference = 0E51E40F5777F4D89853641B /* Pods-IOS_TumblrTests.debug.xcconfig */;
			buildSettings = {
				ALWAYS_EMBED_SWIFT_STANDARD_LIBRARIES = YES;
				BUNDLE_LOADER = "$(TEST_HOST)";
				CODE_SIGN_STYLE = Automatic;
				INFOPLIST_FILE = IOS_TumblrTests/Info.plist;
				LD_RUNPATH_SEARCH_PATHS = (
					"$(inherited)",
					"@executable_path/Frameworks",
					"@loader_path/Frameworks",
				);
				PRODUCT_BUNDLE_IDENTIFIER = "UCSD.IOS-TumblrTests";
				PRODUCT_NAME = "$(TARGET_NAME)";
				SWIFT_VERSION = 4.2;
				TARGETED_DEVICE_FAMILY = "1,2";
				TEST_HOST = "$(BUILT_PRODUCTS_DIR)/IOS_Tumblr.app/IOS_Tumblr";
			};
			name = Debug;
		};
		C5D714762217B96100FEF303 /* Release */ = {
			isa = XCBuildConfiguration;
			baseConfigurationReference = 41D3420A301BBC108E1E05C3 /* Pods-IOS_TumblrTests.release.xcconfig */;
			buildSettings = {
				ALWAYS_EMBED_SWIFT_STANDARD_LIBRARIES = YES;
				BUNDLE_LOADER = "$(TEST_HOST)";
				CODE_SIGN_STYLE = Automatic;
				INFOPLIST_FILE = IOS_TumblrTests/Info.plist;
				LD_RUNPATH_SEARCH_PATHS = (
					"$(inherited)",
					"@executable_path/Frameworks",
					"@loader_path/Frameworks",
				);
				PRODUCT_BUNDLE_IDENTIFIER = "UCSD.IOS-TumblrTests";
				PRODUCT_NAME = "$(TARGET_NAME)";
				SWIFT_VERSION = 4.2;
				TARGETED_DEVICE_FAMILY = "1,2";
				TEST_HOST = "$(BUILT_PRODUCTS_DIR)/IOS_Tumblr.app/IOS_Tumblr";
			};
			name = Release;
		};
		C5D714782217B96100FEF303 /* Debug */ = {
			isa = XCBuildConfiguration;
			baseConfigurationReference = DA8E8C5024AD8EA6BB228C3E /* Pods-IOS_TumblrUITests.debug.xcconfig */;
			buildSettings = {
				ALWAYS_EMBED_SWIFT_STANDARD_LIBRARIES = YES;
				CODE_SIGN_STYLE = Automatic;
				INFOPLIST_FILE = IOS_TumblrUITests/Info.plist;
				LD_RUNPATH_SEARCH_PATHS = (
					"$(inherited)",
					"@executable_path/Frameworks",
					"@loader_path/Frameworks",
				);
				PRODUCT_BUNDLE_IDENTIFIER = "UCSD.IOS-TumblrUITests";
				PRODUCT_NAME = "$(TARGET_NAME)";
				SWIFT_VERSION = 4.2;
				TARGETED_DEVICE_FAMILY = "1,2";
				TEST_TARGET_NAME = IOS_Tumblr;
			};
			name = Debug;
		};
		C5D714792217B96100FEF303 /* Release */ = {
			isa = XCBuildConfiguration;
			baseConfigurationReference = 80014C6D46D16774B9BAF864 /* Pods-IOS_TumblrUITests.release.xcconfig */;
			buildSettings = {
				ALWAYS_EMBED_SWIFT_STANDARD_LIBRARIES = YES;
				CODE_SIGN_STYLE = Automatic;
				INFOPLIST_FILE = IOS_TumblrUITests/Info.plist;
				LD_RUNPATH_SEARCH_PATHS = (
					"$(inherited)",
					"@executable_path/Frameworks",
					"@loader_path/Frameworks",
				);
				PRODUCT_BUNDLE_IDENTIFIER = "UCSD.IOS-TumblrUITests";
				PRODUCT_NAME = "$(TARGET_NAME)";
				SWIFT_VERSION = 4.2;
				TARGETED_DEVICE_FAMILY = "1,2";
				TEST_TARGET_NAME = IOS_Tumblr;
			};
			name = Release;
		};
/* End XCBuildConfiguration section */

/* Begin XCConfigurationList section */
		C5D714442217B95E00FEF303 /* Build configuration list for PBXProject "IOS_Tumblr" */ = {
			isa = XCConfigurationList;
			buildConfigurations = (
				C5D7146F2217B96100FEF303 /* Debug */,
				C5D714702217B96100FEF303 /* Release */,
			);
			defaultConfigurationIsVisible = 0;
			defaultConfigurationName = Release;
		};
		C5D714712217B96100FEF303 /* Build configuration list for PBXNativeTarget "IOS_Tumblr" */ = {
			isa = XCConfigurationList;
			buildConfigurations = (
				C5D714722217B96100FEF303 /* Debug */,
				C5D714732217B96100FEF303 /* Release */,
			);
			defaultConfigurationIsVisible = 0;
			defaultConfigurationName = Release;
		};
		C5D714742217B96100FEF303 /* Build configuration list for PBXNativeTarget "IOS_TumblrTests" */ = {
			isa = XCConfigurationList;
			buildConfigurations = (
				C5D714752217B96100FEF303 /* Debug */,
				C5D714762217B96100FEF303 /* Release */,
			);
			defaultConfigurationIsVisible = 0;
			defaultConfigurationName = Release;
		};
		C5D714772217B96100FEF303 /* Build configuration list for PBXNativeTarget "IOS_TumblrUITests" */ = {
			isa = XCConfigurationList;
			buildConfigurations = (
				C5D714782217B96100FEF303 /* Debug */,
				C5D714792217B96100FEF303 /* Release */,
			);
			defaultConfigurationIsVisible = 0;
			defaultConfigurationName = Release;
		};
/* End XCConfigurationList section */
	};
	rootObject = C5D714412217B95E00FEF303 /* Project object */;
}
